PODS:
  - HyphenateFullSDK (3.1.5)
  - SDWebImage (4.0.0):
    - SDWebImage/Core (= 4.0.0)
  - SDWebImage/Core (4.0.0)

DEPENDENCIES:
  - HyphenateFullSDK
  - SDWebImage

SPEC CHECKSUMS:
  HyphenateFullSDK: e9dbed16c7b51bdb871e0159d29bb320b34ca246
  SDWebImage: 76a6348bdc74eb5a55dd08a091ef298e56b55e41

PODFILE CHECKSUM: f1b86ac41d58f7798dc08136acf14515bc241e03

COCOAPODS: 1.2.0
